
Microsoft Visual Studio Solution File, Format Version 12.00
# Visual Studio Version 16
VisualStudioVersion = 16.0.30104.148
MinimumVisualStudioVersion = 10.0.40219.1
Project("{FAE04EC0-301F-11D3-BF4B-00C04F79EFBC}") = "CreateMyList", "CreateMyList\CreateMyList.csproj", "{248F424B-61DC-4B19-8D13-C4CEACFFE00A}"
EndProject
Global
	GlobalSection(SolutionConfigurationPlatforms) = preSolution
		Debug|Any CPU = Debug|Any CPU
		Release|Any CPU = Release|Any CPU
	EndGlobalSection
	GlobalSection(ProjectConfigurationPlatforms) = postSolution
		{248F424B-61DC-4B19-8D13-C4CEACFFE00A}.Debug|Any CPU.ActiveCfg = Debug|Any CPU
		{248F424B-61DC-4B19-8D13-C4CEACFFE00A}.Debug|Any CPU.Build.0 = Debug|Any CPU
		{248F424B-61DC-4B19-8D13-C4CEACFFE00A}.Release|Any CPU.ActiveCfg = Release|Any CPU
		{248F424B-61DC-4B19-8D13-C4CEACFFE00A}.Release|Any CPU.Build.0 = Release|Any CPU
	EndGlobalSection
	GlobalSection(SolutionProperties) = preSolution
		HideSolutionNode = FALSE
	EndGlobalSection
	GlobalSection(ExtensibilityGlobals) = postSolution
		SolutionGuid = {6F143B16-0EBF-428A-9EF1-FDCE2A60F68A}
	EndGlobalSection
EndGlobal
